
Microsoft Visual Studio Solution File, Format Version 12.00
# Visual Studio Version 17
VisualStudioVersion = 17.14.36518.9 d17.14
MinimumVisualStudioVersion = 10.0.40219.1
Project("{FAE04EC0-301F-11D3-BF4B-00C04F79EFBC}") = "NZWalks.API", "NZWalks.API\NZWalks.API.csproj", "{077B2691-A598-4322-AB96-A6E021FE9E50}"
EndProject
Global
	GlobalSection(SolutionConfigurationPlatforms) = preSolution
		Debug|Any CPU = Debug|Any CPU
		Release|Any CPU = Release|Any CPU
	EndGlobalSection
	GlobalSection(ProjectConfigurationPlatforms) = postSolution
		{077B2691-A598-4322-AB96-A6E021FE9E50}.Debug|Any CPU.ActiveCfg = Debug|Any CPU
		{077B2691-A598-4322-AB96-A6E021FE9E50}.Debug|Any CPU.Build.0 = Debug|Any CPU
		{077B2691-A598-4322-AB96-A6E021FE9E50}.Release|Any CPU.ActiveCfg = Release|Any CPU
		{077B2691-A598-4322-AB96-A6E021FE9E50}.Release|Any CPU.Build.0 = Release|Any CPU
	EndGlobalSection
	GlobalSection(SolutionProperties) = preSolution
		HideSolutionNode = FALSE
	EndGlobalSection
	GlobalSection(ExtensibilityGlobals) = postSolution
		SolutionGuid = {075C5B44-8FEA-48FD-9296-392DA67B6695}
	EndGlobalSection
EndGlobal
